// !$*UTF8*$!
{
	archiveVersion = 1;
	classes = {
	};
	objectVersion = 55;
	objects = {

/* Begin PBXBuildFile section */
		33786B73281555AC003299AB /* AppDelegate.swift in Sources */ = {isa = PBXBuildFile; fileRef = 33786B72281555AC003299AB /* AppDelegate.swift */; };
		33786B75281555AC003299AB /* SceneDelegate.swift in Sources */ = {isa = PBXBuildFile; fileRef = 33786B74281555AC003299AB /* SceneDelegate.swift */; };
		33786B77281555AC003299AB /* ViewController.swift in Sources */ = {isa = PBXBuildFile; fileRef = 33786B76281555AC003299AB /* ViewController.swift */; };
		33786B7A281555AC003299AB /* Main.storyboard in Resources */ = {isa = PBXBuildFile; fileRef = 33786B78281555AC003299AB /* Main.storyboard */; };
		33786B7C281555AE003299AB /* Assets.xcassets in Resources */ = {isa = PBXBuildFile; fileRef = 33786B7B281555AE003299AB /* Assets.xcassets */; };
		33786B7F281555AE003299AB /* LaunchScreen.storyboard in Resources */ = {isa = PBXBuildFile; fileRef = 33786B7D281555AE003299AB /* LaunchScreen.storyboard */; };
		33786B8A281555AE003299AB /* AstronomyTests.swift in Sources */ = {isa = PBXBuildFile; fileRef = 33786B89281555AE003299AB /* AstronomyTests.swift */; };
		33786B94281555AF003299AB /* AstronomyUITests.swift in Sources */ = {isa = PBXBuildFile; fileRef = 33786B93281555AF003299AB /* AstronomyUITests.swift */; };
		33786B96281555AF003299AB /* AstronomyUITestsLaunchTests.swift in Sources */ = {isa = PBXBuildFile; fileRef = 33786B95281555AF003299AB /* AstronomyUITestsLaunchTests.swift */; };
/* End PBXBuildFile section */

/* Begin PBXContainerItemProxy section */
		33786B86281555AE003299AB /* PBXContainerItemProxy */ = {
			isa = PBXContainerItemProxy;
			containerPortal = 33786B67281555AC003299AB /* Project object */;
			proxyType = 1;
			remoteGlobalIDString = 33786B6E281555AC003299AB;
			remoteInfo = Astronomy;
		};
		33786B90281555AF003299AB /* PBXContainerItemProxy */ = {
			isa = PBXContainerItemProxy;
			containerPortal = 33786B67281555AC003299AB /* Project object */;
			proxyType = 1;
			remoteGlobalIDString = 33786B6E281555AC003299AB;
			remoteInfo = Astronomy;
		};
/* End PBXContainerItemProxy section */

/* Begin PBXFileReference section */
		33786B6F281555AC003299AB /* Astronomy.app */ = {isa = PBXFileReference; explicitFileType = wrapper.application; includeInIndex = 0; path = Astronomy.app; sourceTree = BUILT_PRODUCTS_DIR; };
		33786B72281555AC003299AB /* AppDelegate.swift */ = {isa = PBXFileReference; lastKnownFileType = sourcecode.swift; path = AppDelegate.swift; sourceTree = "<group>"; };
		33786B74281555AC003299AB /* SceneDelegate.swift */ = {isa = PBXFileReference; lastKnownFileType = sourcecode.swift; path = SceneDelegate.swift; sourceTree = "<group>"; };
		33786B76281555AC003299AB /* ViewController.swift */ = {isa = PBXFileReference; lastKnownFileType = sourcecode.swift; path = ViewController.swift; sourceTree = "<group>"; };
		33786B79281555AC003299AB /* Base */ = {isa = PBXFileReference; lastKnownFileType = file.storyboard; name = Base; path = Base.lproj/Main.storyboard; sourceTree = "<group>"; };
		33786B7B281555AE003299AB /* Assets.xcassets */ = {isa = PBXFileReference; lastKnownFileType = folder.assetcatalog; path = Assets.xcassets; sourceTree = "<group>"; };
		33786B7E281555AE003299AB /* Base */ = {isa = PBXFileReference; lastKnownFileType = file.storyboard; name = Base; path = Base.lproj/LaunchScreen.storyboard; sourceTree = "<group>"; };
		33786B80281555AE003299AB /* Info.plist */ = {isa = PBXFileReference; lastKnownFileType = text.plist.xml; path = Info.plist; sourceTree = "<group>"; };
		33786B85281555AE003299AB /* AstronomyTests.xctest */ = {isa = PBXFileReference; explicitFileType = wrapper.cfbundle; includeInIndex = 0; path = AstronomyTests.xctest; sourceTree = BUILT_PRODUCTS_DIR; };
		33786B89281555AE003299AB /* AstronomyTests.swift */ = {isa = PBXFileReference; lastKnownFileType = sourcecode.swift; path = AstronomyTests.swift; sourceTree = "<group>"; };
		33786B8F281555AF003299AB /* AstronomyUITests.xctest */ = {isa = PBXFileReference; explicitFileType = wrapper.cfbundle; includeInIndex = 0; path = AstronomyUITests.xctest; sourceTree = BUILT_PRODUCTS_DIR; };
		33786B93281555AF003299AB /* AstronomyUITests.swift */ = {isa = PBXFileReference; lastKnownFileType = sourcecode.swift; path = AstronomyUITests.swift; sourceTree = "<group>"; };
		33786B95281555AF003299AB /* AstronomyUITestsLaunchTests.swift */ = {isa = PBXFileReference; lastKnownFileType = sourcecode.swift; path = AstronomyUITestsLaunchTests.swift; sourceTree = "<group>"; };
/* End PBXFileReference section */

/* Begin PBXFrameworksBuildPhase section */
		33786B6C281555AC003299AB /* Frameworks */ = {
			isa = PBXFrameworksBuildPhase;
			buildActionMask = 2147483647;
			files = (
			);
			runOnlyForDeploymentPostprocessing = 0;
		};
		33786B82281555AE003299AB /* Frameworks */ = {
			isa = PBXFrameworksBuildPhase;
			buildActionMask = 2147483647;
			files = (
			);
			runOnlyForDeploymentPostprocessing = 0;
		};
		33786B8C281555AF003299AB /* Frameworks */ = {
			isa = PBXFrameworksBuildPhase;
			buildActionMask = 2147483647;
			files = (
			);
			runOnlyForDeploymentPostprocessing = 0;
		};
/* End PBXFrameworksBuildPhase section */

/* Begin PBXGroup section */
		33786B66281555AC003299AB = {
			isa = PBXGroup;
			children = (
				33786B71281555AC003299AB /* Astronomy */,
				33786B88281555AE003299AB /* AstronomyTests */,
				33786B92281555AF003299AB /* AstronomyUITests */,
				33786B70281555AC003299AB /* Products */,
			);
			sourceTree = "<group>";
		};
		33786B70281555AC003299AB /* Products */ = {
			isa = PBXGroup;
			children = (
				33786B6F281555AC003299AB /* Astronomy.app */,
				33786B85281555AE003299AB /* AstronomyTests.xctest */,
				33786B8F281555AF003299AB /* AstronomyUITests.xctest */,
			);
			name = Products;
			sourceTree = "<group>";
		};
		33786B71281555AC003299AB /* Astronomy */ = {
			isa = PBXGroup;
			children = (
				33786B72281555AC003299AB /* AppDelegate.swift */,
				33786B74281555AC003299AB /* SceneDelegate.swift */,
				33786B76281555AC003299AB /* ViewController.swift */,
				33786B78281555AC003299AB /* Main.storyboard */,
				33786B7B281555AE003299AB /* Assets.xcassets */,
				33786B7D281555AE003299AB /* LaunchScreen.storyboard */,
				33786B80281555AE003299AB /* Info.plist */,
			);
			path = Astronomy;
			sourceTree = "<group>";
		};
		33786B88281555AE003299AB /* AstronomyTests */ = {
			isa = PBXGroup;
			children = (
				33786B89281555AE003299AB /* AstronomyTests.swift */,
			);
			path = AstronomyTests;
			sourceTree = "<group>";
		};
		33786B92281555AF003299AB /* AstronomyUITests */ = {
			isa = PBXGroup;
			children = (
				33786B93281555AF003299AB /* AstronomyUITests.swift */,
				33786B95281555AF003299AB /* AstronomyUITestsLaunchTests.swift */,
			);
			path = AstronomyUITests;
			sourceTree = "<group>";
		};
/* End PBXGroup section */

/* Begin PBXNativeTarget section */
		33786B6E281555AC003299AB /* Astronomy */ = {
			isa = PBXNativeTarget;
			buildConfigurationList = 33786B99281555AF003299AB /* Build configuration list for PBXNativeTarget "Astronomy" */;
			buildPhases = (
				33786B6B281555AC003299AB /* Sources */,
				33786B6C281555AC003299AB /* Frameworks */,
				33786B6D281555AC003299AB /* Resources */,
			);
			buildRules = (
			);
			dependencies = (
			);
			name = Astronomy;
			productName = Astronomy;
			productReference = 33786B6F281555AC003299AB /* Astronomy.app */;
			productType = "com.apple.product-type.application";
		};
		33786B84281555AE003299AB /* AstronomyTests */ = {
			isa = PBXNativeTarget;
			buildConfigurationList = 33786B9C281555AF003299AB /* Build configuration list for PBXNativeTarget "AstronomyTests" */;
			buildPhases = (
				33786B81281555AE003299AB /* Sources */,
				33786B82281555AE003299AB /* Frameworks */,
				33786B83281555AE003299AB /* Resources */,
			);
			buildRules = (
			);
			dependencies = (
				33786B87281555AE003299AB /* PBXTargetDependency */,
			);
			name = AstronomyTests;
			productName = AstronomyTests;
			productReference = 33786B85281555AE003299AB /* AstronomyTests.xctest */;
			productType = "com.apple.product-type.bundle.unit-test";
		};
		33786B8E281555AF003299AB /* AstronomyUITests */ = {
			isa = PBXNativeTarget;
			buildConfigurationList = 33786B9F281555AF003299AB /* Build configuration list for PBXNativeTarget "AstronomyUITests" */;
			buildPhases = (
				33786B8B281555AF003299AB /* Sources */,
				33786B8C281555AF003299AB /* Frameworks */,
				33786B8D281555AF003299AB /* Resources */,
			);
			buildRules = (
			);
			dependencies = (
				33786B91281555AF003299AB /* PBXTargetDependency */,
			);
			name = AstronomyUITests;
			productName = AstronomyUITests;
			productReference = 33786B8F281555AF003299AB /* AstronomyUITests.xctest */;
			productType = "com.apple.product-type.bundle.ui-testing";
		};
/* End PBXNativeTarget section */

/* Begin PBXProject section */
		33786B67281555AC003299AB /* Project object */ = {
			isa = PBXProject;
			attributes = {
				BuildIndependentTargetsInParallel = 1;
				LastSwiftUpdateCheck = 1320;
				LastUpgradeCheck = 1320;
				TargetAttributes = {
					33786B6E281555AC003299AB = {
						CreatedOnToolsVersion = 13.2.1;
					};
					33786B84281555AE003299AB = {
						CreatedOnToolsVersion = 13.2.1;
						TestTargetID = 33786B6E281555AC003299AB;
					};
					33786B8E281555AF003299AB = {
						CreatedOnToolsVersion = 13.2.1;
						TestTargetID = 33786B6E281555AC003299AB;
					};
				};
			};
			buildConfigurationList = 33786B6A281555AC003299AB /* Build configuration list for PBXProject "Astronomy" */;
			compatibilityVersion = "Xcode 13.0";
			developmentRegion = en;
			hasScannedForEncodings = 0;
			knownRegions = (
				en,
				Base,
			);
			mainGroup = 33786B66281555AC003299AB;
			productRefGroup = 33786B70281555AC003299AB /* Products */;
			projectDirPath = "";
			projectRoot = "";
			targets = (
				33786B6E281555AC003299AB /* Astronomy */,
				33786B84281555AE003299AB /* AstronomyTests */,
				33786B8E281555AF003299AB /* AstronomyUITests */,
			);
		};
/* End PBXProject section */

/* Begin PBXResourcesBuildPhase section */
		33786B6D281555AC003299AB /* Resources */ = {
			isa = PBXResourcesBuildPhase;
			buildActionMask = 2147483647;
			files = (
				33786B7F281555AE003299AB /* LaunchScreen.storyboard in Resources */,
				33786B7C281555AE003299AB /* Assets.xcassets in Resources */,
				33786B7A281555AC003299AB /* Main.storyboard in Resources */,
			);
			runOnlyForDeploymentPostprocessing = 0;
		};
		33786B83281555AE003299AB /* Resources */ = {
			isa = PBXResourcesBuildPhase;
			buildActionMask = 2147483647;
			files = (
			);
			runOnlyForDeploymentPostprocessing = 0;
		};
		33786B8D281555AF003299AB /* Resources */ = {
			isa = PBXResourcesBuildPhase;
			buildActionMask = 2147483647;
			files = (
			);
			runOnlyForDeploymentPostprocessing = 0;
		};
/* End PBXResourcesBuildPhase section */

/* Begin PBXSourcesBuildPhase section */
		33786B6B281555AC003299AB /* Sources */ = {
			isa = PBXSourcesBuildPhase;
			buildActionMask = 2147483647;
			files = (
				33786B77281555AC003299AB /* ViewController.swift in Sources */,
				33786B73281555AC003299AB /* AppDelegate.swift in Sources */,
				33786B75281555AC003299AB /* SceneDelegate.swift in Sources */,
			);
			runOnlyForDeploymentPostprocessing = 0;
		};
		33786B81281555AE003299AB /* Sources */ = {
			isa = PBXSourcesBuildPhase;
			buildActionMask = 2147483647;
			files = (
				33786B8A281555AE003299AB /* AstronomyTests.swift in Sources */,
			);
			runOnlyForDeploymentPostprocessing = 0;
		};
		33786B8B281555AF003299AB /* Sources */ = {
			isa = PBXSourcesBuildPhase;
			buildActionMask = 2147483647;
			files = (
				33786B94281555AF003299AB /* AstronomyUITests.swift in Sources */,
				33786B96281555AF003299AB /* AstronomyUITestsLaunchTests.swift in Sources */,
			);
			runOnlyForDeploymentPostprocessing = 0;
		};
/* End PBXSourcesBuildPhase section */

/* Begin PBXTargetDependency section */
		33786B87281555AE003299AB /* PBXTargetDependency */ = {
			isa = PBXTargetDependency;
			target = 33786B6E281555AC003299AB /* Astronomy */;
			targetProxy = 33786B86281555AE003299AB /* PBXContainerItemProxy */;
		};
		33786B91281555AF003299AB /* PBXTargetDependency */ = {
			isa = PBXTargetDependency;
			target = 33786B6E281555AC003299AB /* Astronomy */;
			targetProxy = 33786B90281555AF003299AB /* PBXContainerItemProxy */;
		};
/* End PBXTargetDependency section */

/* Begin PBXVariantGroup section */
		33786B78281555AC003299AB /* Main.storyboard */ = {
			isa = PBXVariantGroup;
			children = (
				33786B79281555AC003299AB /* Base */,
			);
			name = Main.storyboard;
			sourceTree = "<group>";
		};
		33786B7D281555AE003299AB /* LaunchScreen.storyboard */ = {
			isa = PBXVariantGroup;
			children = (
				33786B7E281555AE003299AB /* Base */,
			);
			name = LaunchScreen.storyboard;
			sourceTree = "<group>";
		};
/* End PBXVariantGroup section */

/* Begin XCBuildConfiguration section */
		33786B97281555AF003299AB /* Debug */ = {
			isa = XCBuildConfiguration;
			buildSettings = {
				ALWAYS_SEARCH_USER_PATHS = NO;
				CLANG_ANALYZER_NONNULL = YES;
				CLANG_ANALYZER_NUMBER_OBJECT_CONVERSION = YES_AGGRESSIVE;
				CLANG_CXX_LANGUAGE_STANDARD = "gnu++17";
				CLANG_CXX_LIBRARY = "libc++";
				CLANG_ENABLE_MODULES = YES;
				CLANG_ENABLE_OBJC_ARC = YES;
				CLANG_ENABLE_OBJC_WEAK = YES;
				CLANG_WARN_BLOCK_CAPTURE_AUTORELEASING = YES;
				CLANG_WARN_BOOL_CONVERSION = YES;
				CLANG_WARN_COMMA = YES;
				CLANG_WARN_CONSTANT_CONVERSION = YES;
				CLANG_WARN_DEPRECATED_OBJC_IMPLEMENTATIONS = YES;
				CLANG_WARN_DIRECT_OBJC_ISA_USAGE = YES_ERROR;
				CLANG_WARN_DOCUMENTATION_COMMENTS = YES;
				CLANG_WARN_EMPTY_BODY = YES;
				CLANG_WARN_ENUM_CONVERSION = YES;
				CLANG_WARN_INFINITE_RECURSION = YES;
				CLANG_WARN_INT_CONVERSION = YES;
				CLANG_WARN_NON_LITERAL_NULL_CONVERSION = YES;
				CLANG_WARN_OBJC_IMPLICIT_RETAIN_SELF = YES;
				CLANG_WARN_OBJC_LITERAL_CONVERSION = YES;
				CLANG_WARN_OBJC_ROOT_CLASS = YES_ERROR;
				CLANG_WARN_QUOTED_INCLUDE_IN_FRAMEWORK_HEADER = YES;
				CLANG_WARN_RANGE_LOOP_ANALYSIS = YES;
				CLANG_WARN_STRICT_PROTOTYPES = YES;
				CLANG_WARN_SUSPICIOUS_MOVE = YES;
				CLANG_WARN_UNGUARDED_AVAILABILITY = YES_AGGRESSIVE;
				CLANG_WARN_UNREACHABLE_CODE = YES;
				CLANG_WARN__DUPLICATE_METHOD_MATCH = YES;
				COPY_PHASE_STRIP = NO;
				DEBUG_INFORMATION_FORMAT = dwarf;
				ENABLE_STRICT_OBJC_MSGSEND = YES;
				ENABLE_TESTABILITY = YES;
				GCC_C_LANGUAGE_STANDARD = gnu11;
				GCC_DYNAMIC_NO_PIC = NO;
				GCC_NO_COMMON_BLOCKS = YES;
				GCC_OPTIMIZATION_LEVEL = 0;
				GCC_PREPROCESSOR_DEFINITIONS = (
					"DEBUG=1",
					"$(inherited)",
				);
				GCC_WARN_64_TO_32_BIT_CONVERSION = YES;
				GCC_WARN_ABOUT_RETURN_TYPE = YES_ERROR;
				GCC_WARN_UNDECLARED_SELECTOR = YES;
				GCC_WARN_UNINITIALIZED_AUTOS = YES_AGGRESSIVE;
				GCC_WARN_UNUSED_FUNCTION = YES;
				GCC_WARN_UNUSED_VARIABLE = YES;
				IPHONEOS_DEPLOYMENT_TARGET = 15.2;
				MTL_ENABLE_DEBUG_INFO = INCLUDE_SOURCE;
				MTL_FAST_MATH = YES;
				ONLY_ACTIVE_ARCH = YES;
				SDKROOT = iphoneos;
				SWIFT_ACTIVE_COMPILATION_CONDITIONS = DEBUG;
				SWIFT_OPTIMIZATION_LEVEL = "-Onone";
			};
			name = Debug;
		};
		33786B98281555AF003299AB /* Release */ = {
			isa = XCBuildConfiguration;
			buildSettings = {
				ALWAYS_SEARCH_USER_PATHS = NO;
				CLANG_ANALYZER_NONNULL = YES;
				CLANG_ANALYZER_NUMBER_OBJECT_CONVERSION = YES_AGGRESSIVE;
				CLANG_CXX_LANGUAGE_STANDARD = "gnu++17";
				CLANG_CXX_LIBRARY = "libc++";
				CLANG_ENABLE_MODULES = YES;
				CLANG_ENABLE_OBJC_ARC = YES;
				CLANG_ENABLE_OBJC_WEAK = YES;
				CLANG_WARN_BLOCK_CAPTURE_AUTORELEASING = YES;
				CLANG_WARN_BOOL_CONVERSION = YES;
				CLANG_WARN_COMMA = YES;
				CLANG_WARN_CONSTANT_CONVERSION = YES;
				CLANG_WARN_DEPRECATED_OBJC_IMPLEMENTATIONS = YES;
				CLANG_WARN_DIRECT_OBJC_ISA_USAGE = YES_ERROR;
				CLANG_WARN_DOCUMENTATION_COMMENTS = YES;
				CLANG_WARN_EMPTY_BODY = YES;
				CLANG_WARN_ENUM_CONVERSION = YES;
				CLANG_WARN_INFINITE_RECURSION = YES;
				CLANG_WARN_INT_CONVERSION = YES;
				CLANG_WARN_NON_LITERAL_NULL_CONVERSION = YES;
				CLANG_WARN_OBJC_IMPLICIT_RETAIN_SELF = YES;
				CLANG_WARN_OBJC_LITERAL_CONVERSION = YES;
				CLANG_WARN_OBJC_ROOT_CLASS = YES_ERROR;
				CLANG_WARN_QUOTED_INCLUDE_IN_FRAMEWORK_HEADER = YES;
				CLANG_WARN_RANGE_LOOP_ANALYSIS = YES;
				CLANG_WARN_STRICT_PROTOTYPES = YES;
				CLANG_WARN_SUSPICIOUS_MOVE = YES;
				CLANG_WARN_UNGUARDED_AVAILABILITY = YES_AGGRESSIVE;
				CLANG_WARN_UNREACHABLE_CODE = YES;
				CLANG_WARN__DUPLICATE_METHOD_MATCH = YES;
				COPY_PHASE_STRIP = NO;
				DEBUG_INFORMATION_FORMAT = "dwarf-with-dsym";
				ENABLE_NS_ASSERTIONS = NO;
				ENABLE_STRICT_OBJC_MSGSEND = YES;
				GCC_C_LANGUAGE_STANDARD = gnu11;
				GCC_NO_COMMON_BLOCKS = YES;
				GCC_WARN_64_TO_32_BIT_CONVERSION = YES;
				GCC_WARN_ABOUT_RETURN_TYPE = YES_ERROR;
				GCC_WARN_UNDECLARED_SELECTOR = YES;
				GCC_WARN_UNINITIALIZED_AUTOS = YES_AGGRESSIVE;
				GCC_WARN_UNUSED_FUNCTION = YES;
				GCC_WARN_UNUSED_VARIABLE = YES;
				IPHONEOS_DEPLOYMENT_TARGET = 15.2;
				MTL_ENABLE_DEBUG_INFO = NO;
				MTL_FAST_MATH = YES;
				SDKROOT = iphoneos;
				SWIFT_COMPILATION_MODE = wholemodule;
				SWIFT_OPTIMIZATION_LEVEL = "-O";
				VALIDATE_PRODUCT = YES;
			};
			name = Release;
		};
		33786B9A281555AF003299AB /* Debug */ = {
			isa = XCBuildConfiguration;
			buildSettings = {
				ASSETCATALOG_COMPILER_APPICON_NAME = AppIcon;
				ASSETCATALOG_COMPILER_GLOBAL_ACCENT_COLOR_NAME = AccentColor;
				CODE_SIGN_STYLE = Automatic;
				CURRENT_PROJECT_VERSION = 1;
				GENERATE_INFOPLIST_FILE = YES;
				INFOPLIST_FILE = Astronomy/Info.plist;
				INFOPLIST_KEY_UIApplicationSupportsIndirectInputEvents = YES;
				INFOPLIST_KEY_UILaunchStoryboardName = LaunchScreen;
				INFOPLIST_KEY_UIMainStoryboardFile = Main;
				INFOPLIST_KEY_UISupportedInterfaceOrientations_iPad = "UIInterfaceOrientationPortrait UIInterfaceOrientationPortraitUpsideDown UIInterfaceOrientationLandscapeLeft UIInterfaceOrientationLandscapeRight";
				INFOPLIST_KEY_UISupportedInterfaceOrientations_iPhone = "UIInterfaceOrientationPortrait UIInterfaceOrientationLandscapeLeft UIInterfaceOrientationLandscapeRight";
				LD_RUNPATH_SEARCH_PATHS = (
					"$(inherited)",
					"@executable_path/Frameworks",
				);
				MARKETING_VERSION = 1.0;
				PRODUCT_BUNDLE_IDENTIFIER = com.gk.Astronomy;
				PRODUCT_NAME = "$(TARGET_NAME)";
				SWIFT_EMIT_LOC_STRINGS = YES;
				SWIFT_VERSION = 5.0;
				TARGETED_DEVICE_FAMILY = "1,2";
			};
			name = Debug;
		};
		33786B9B281555AF003299AB /* Release */ = {
			isa = XCBuildConfiguration;
			buildSettings = {
				ASSETCATALOG_COMPILER_APPICON_NAME = AppIcon;
				ASSETCATALOG_COMPILER_GLOBAL_ACCENT_COLOR_NAME = AccentColor;
				CODE_SIGN_STYLE = Automatic;
				CURRENT_PROJECT_VERSION = 1;
				GENERATE_INFOPLIST_FILE = YES;
				INFOPLIST_FILE = Astronomy/Info.plist;
				INFOPLIST_KEY_UIApplicationSupportsIndirectInputEvents = YES;
				INFOPLIST_KEY_UILaunchStoryboardName = LaunchScreen;
				INFOPLIST_KEY_UIMainStoryboardFile = Main;
				INFOPLIST_KEY_UISupportedInterfaceOrientations_iPad = "UIInterfaceOrientationPortrait UIInterfaceOrientationPortraitUpsideDown UIInterfaceOrientationLandscapeLeft UIInterfaceOrientationLandscapeRight";
				INFOPLIST_KEY_UISupportedInterfaceOrientations_iPhone = "UIInterfaceOrientationPortrait UIInterfaceOrientationLandscapeLeft UIInterfaceOrientationLandscapeRight";
				LD_RUNPATH_SEARCH_PATHS = (
					"$(inherited)",
					"@executable_path/Frameworks",
				);
				MARKETING_VERSION = 1.0;
				PRODUCT_BUNDLE_IDENTIFIER = com.gk.Astronomy;
				PRODUCT_NAME = "$(TARGET_NAME)";
				SWIFT_EMIT_LOC_STRINGS = YES;
				SWIFT_VERSION = 5.0;
				TARGETED_DEVICE_FAMILY = "1,2";
			};
			name = Release;
		};
		33786B9D281555AF003299AB /* Debug */ = {
			isa = XCBuildConfiguration;
			buildSettings = {
				ALWAYS_EMBED_SWIFT_STANDARD_LIBRARIES = YES;
				BUNDLE_LOADER = "$(TEST_HOST)";
				CODE_SIGN_STYLE = Automatic;
				CURRENT_PROJECT_VERSION = 1;
				GENERATE_INFOPLIST_FILE = YES;
				IPHONEOS_DEPLOYMENT_TARGET = 15.2;
				MARKETING_VERSION = 1.0;
				PRODUCT_BUNDLE_IDENTIFIER = com.gk.AstronomyTests;
				PRODUCT_NAME = "$(TARGET_NAME)";
				SWIFT_EMIT_LOC_STRINGS = NO;
				SWIFT_VERSION = 5.0;
				TARGETED_DEVICE_FAMILY = "1,2";
				TEST_HOST = "$(BUILT_PRODUCTS_DIR)/Astronomy.app/Astronomy";
			};
			name = Debug;
		};
		33786B9E281555AF003299AB /* Release */ = {
			isa = XCBuildConfiguration;
			buildSettings = {
				ALWAYS_EMBED_SWIFT_STANDARD_LIBRARIES = YES;
				BUNDLE_LOADER = "$(TEST_HOST)";
				CODE_SIGN_STYLE = Automatic;
				CURRENT_PROJECT_VERSION = 1;
				GENERATE_INFOPLIST_FILE = YES;
				IPHONEOS_DEPLOYMENT_TARGET = 15.2;
				MARKETING_VERSION = 1.0;
				PRODUCT_BUNDLE_IDENTIFIER = com.gk.AstronomyTests;
				PRODUCT_NAME = "$(TARGET_NAME)";
				SWIFT_EMIT_LOC_STRINGS = NO;
				SWIFT_VERSION = 5.0;
				TARGETED_DEVICE_FAMILY = "1,2";
				TEST_HOST = "$(BUILT_PRODUCTS_DIR)/Astronomy.app/Astronomy";
			};
			name = Release;
		};
		33786BA0281555AF003299AB /* Debug */ = {
			isa = XCBuildConfiguration;
			buildSettings = {
				ALWAYS_EMBED_SWIFT_STANDARD_LIBRARIES = YES;
				CODE_SIGN_STYLE = Automatic;
				CURRENT_PROJECT_VERSION = 1;
				GENERATE_INFOPLIST_FILE = YES;
				MARKETING_VERSION = 1.0;
				PRODUCT_BUNDLE_IDENTIFIER = com.gk.AstronomyUITests;
				PRODUCT_NAME = "$(TARGET_NAME)";
				SWIFT_EMIT_LOC_STRINGS = NO;
				SWIFT_VERSION = 5.0;
				TARGETED_DEVICE_FAMILY = "1,2";
				TEST_TARGET_NAME = Astronomy;
			};
			name = Debug;
		};
		33786BA1281555AF003299AB /* Release */ = {
			isa = XCBuildConfiguration;
			buildSettings = {
				ALWAYS_EMBED_SWIFT_STANDARD_LIBRARIES = YES;
				CODE_SIGN_STYLE = Automatic;
				CURRENT_PROJECT_VERSION = 1;
				GENERATE_INFOPLIST_FILE = YES;
				MARKETING_VERSION = 1.0;
				PRODUCT_BUNDLE_IDENTIFIER = com.gk.AstronomyUITests;
				PRODUCT_NAME = "$(TARGET_NAME)";
				SWIFT_EMIT_LOC_STRINGS = NO;
				SWIFT_VERSION = 5.0;
				TARGETED_DEVICE_FAMILY = "1,2";
				TEST_TARGET_NAME = Astronomy;
			};
			name = Release;
		};
/* End XCBuildConfiguration section */

/* Begin XCConfigurationList section */
		33786B6A281555AC003299AB /* Build configuration list for PBXProject "Astronomy" */ = {
			isa = XCConfigurationList;
			buildConfigurations = (
				33786B97281555AF003299AB /* Debug */,
				33786B98281555AF003299AB /* Release */,
			);
			defaultConfigurationIsVisible = 0;
			defaultConfigurationName = Release;
		};
		33786B99281555AF003299AB /* Build configuration list for PBXNativeTarget "Astronomy" */ = {
			isa = XCConfigurationList;
			buildConfigurations = (
				33786B9A281555AF003299AB /* Debug */,
				33786B9B281555AF003299AB /* Release */,
			);
			defaultConfigurationIsVisible = 0;
			defaultConfigurationName = Release;
		};
		33786B9C281555AF003299AB /* Build configuration list for PBXNativeTarget "AstronomyTests" */ = {
			isa = XCConfigurationList;
			buildConfigurations = (
				33786B9D281555AF003299AB /* Debug */,
				33786B9E281555AF003299AB /* Release */,
			);
			defaultConfigurationIsVisible = 0;
			defaultConfigurationName = Release;
		};
		33786B9F281555AF003299AB /* Build configuration list for PBXNativeTarget "AstronomyUITests" */ = {
			isa = XCConfigurationList;
			buildConfigurations = (
				33786BA0281555AF003299AB /* Debug */,
				33786BA1281555AF003299AB /* Release */,
			);
			defaultConfigurationIsVisible = 0;
			defaultConfigurationName = Release;
		};
/* End XCConfigurationList section */
	};
	rootObject = 33786B67281555AC003299AB /* Project object */;
}
